// !$*UTF8*$!
{
	archiveVersion = 1;
	classes = {
	};
	objectVersion = 56;
	objects = {

/* Begin PBXBuildFile section */
		B21447FB2B830E80004F684C /* P5_js_Viewer_0_13App.swift in Sources */ = {isa = PBXBuildFile; fileRef = B21447FA2B830E80004F684C /* P5_js_Viewer_0_13App.swift */; };
		B21447FD2B830E80004F684C /* 0.ContentView.swift in Sources */ = {isa = PBXBuildFile; fileRef = B21447FC2B830E80004F684C /* 0.ContentView.swift */; };
		B21447FF2B830E81004F684C /* Assets.xcassets in Resources */ = {isa = PBXBuildFile; fileRef = B21447FE2B830E81004F684C /* Assets.xcassets */; };
		B21448022B830E81004F684C /* Preview Assets.xcassets in Resources */ = {isa = PBXBuildFile; fileRef = B21448012B830E81004F684C /* Preview Assets.xcassets */; };
		B214480A2B830EDB004F684C /* Telegraph in Frameworks */ = {isa = PBXBuildFile; productRef = B21448092B830EDB004F684C /* Telegraph */; };
		B214480D2B830EEB004F684C /* ZIPFoundation in Frameworks */ = {isa = PBXBuildFile; productRef = B214480C2B830EEB004F684C /* ZIPFoundation */; };
		B21448112B830F60004F684C /* Examples in Resources */ = {isa = PBXBuildFile; fileRef = B21448102B830F60004F684C /* Examples */; };
		B21448132B83A9EC004F684C /* 1-2.UnzipContent.swift in Sources */ = {isa = PBXBuildFile; fileRef = B21448122B83A9EC004F684C /* 1-2.UnzipContent.swift */; };
		B21448172B83BA34004F684C /* TestSketch1981360 in Resources */ = {isa = PBXBuildFile; fileRef = B21448162B83BA34004F684C /* TestSketch1981360 */; };
		B214481B2B83D95F004F684C /* 5.WebContentView.swift in Sources */ = {isa = PBXBuildFile; fileRef = B214481A2B83D95F004F684C /* 5.WebContentView.swift */; };
		B24C88152B97A2C600574A35 /* TestScreenshot.swift in Sources */ = {isa = PBXBuildFile; fileRef = B24C88142B97A2C600574A35 /* TestScreenshot.swift */; };
		B24C884F2B98D55F00574A35 /* 2.SearchView.swift in Sources */ = {isa = PBXBuildFile; fileRef = B24C884E2B98D55F00574A35 /* 2.SearchView.swift */; };
		B24C88512B98DE3900574A35 /* 3.MyCollectionsView.swift in Sources */ = {isa = PBXBuildFile; fileRef = B24C88502B98DE3900574A35 /* 3.MyCollectionsView.swift */; };
		B24C88532B98E52000574A35 /* 4.SettingsView.swift in Sources */ = {isa = PBXBuildFile; fileRef = B24C88522B98E52000574A35 /* 4.SettingsView.swift */; };
		B24C88552B9A7B0300574A35 /* 2-1.DownloadSketchWithURL.swift in Sources */ = {isa = PBXBuildFile; fileRef = B24C88542B9A7B0300574A35 /* 2-1.DownloadSketchWithURL.swift */; };
		B24C88572B9BC7E300574A35 /* 3-1.Collect.swift in Sources */ = {isa = PBXBuildFile; fileRef = B24C88562B9BC7E300574A35 /* 3-1.Collect.swift */; };
		B24C885B2BA0B42E00574A35 /* gyroscope.swift in Sources */ = {isa = PBXBuildFile; fileRef = B24C885A2BA0B42E00574A35 /* gyroscope.swift */; };
		B24C885F2BA39F6000574A35 /* collectionlists.json in Resources */ = {isa = PBXBuildFile; fileRef = B24C885E2BA39F6000574A35 /* collectionlists.json */; };
		B24C88652BA3A4C500574A35 /* 5-1.WebView.swift in Sources */ = {isa = PBXBuildFile; fileRef = B24C88642BA3A4C500574A35 /* 5-1.WebView.swift */; };
		B24C88662BA3A4C500574A35 /* 5-3.DetailView.swift in Sources */ = {isa = PBXBuildFile; fileRef = B24C88612BA3A4C500574A35 /* 5-3.DetailView.swift */; };
		B24C88672BA3A4C500574A35 /* 5-2.FullscreenWebView.swift in Sources */ = {isa = PBXBuildFile; fileRef = B24C88622BA3A4C500574A35 /* 5-2.FullscreenWebView.swift */; };
		B24C88682BA3A4C500574A35 /* 5-4.WebViewSnapshotter.swift in Sources */ = {isa = PBXBuildFile; fileRef = B24C88632BA3A4C500574A35 /* 5-4.WebViewSnapshotter.swift */; };
		B24C88692BA3A4C500574A35 /* 5-5.SaveAnimation.swift in Sources */ = {isa = PBXBuildFile; fileRef = B24C88602BA3A4C500574A35 /* 5-5.SaveAnimation.swift */; };
		B27346FA2BB6170D0090C623 /* 6.LoadingView.swift in Sources */ = {isa = PBXBuildFile; fileRef = B27346F92BB6170D0090C623 /* 6.LoadingView.swift */; };
		B27346FC2BBC95250090C623 /* 1.ScrollingView.swift in Sources */ = {isa = PBXBuildFile; fileRef = B27346FB2BBC95250090C623 /* 1.ScrollingView.swift */; };
		B27346FE2BBC95610090C623 /* 7.ExamplesView.swift in Sources */ = {isa = PBXBuildFile; fileRef = B27346FD2BBC95610090C623 /* 7.ExamplesView.swift */; };
		B27347052BBCA4380090C623 /* 1-3.SketchInListViewModel.swift in Sources */ = {isa = PBXBuildFile; fileRef = B27347042BBCA4380090C623 /* 1-3.SketchInListViewModel.swift */; };
		B27347072BBCA8450090C623 /* 1-4.SketchModel.swift in Sources */ = {isa = PBXBuildFile; fileRef = B27347062BBCA8450090C623 /* 1-4.SketchModel.swift */; };
		B27347092BBCAD260090C623 /* GoogleService-Info.plist in Resources */ = {isa = PBXBuildFile; fileRef = B27347082BBCAD260090C623 /* GoogleService-Info.plist */; };
		B273470C2BBCADB20090C623 /* FirebaseAnalytics in Frameworks */ = {isa = PBXBuildFile; productRef = B273470B2BBCADB20090C623 /* FirebaseAnalytics */; };
		B273470E2BBCADB20090C623 /* FirebaseAnalyticsOnDeviceConversion in Frameworks */ = {isa = PBXBuildFile; productRef = B273470D2BBCADB20090C623 /* FirebaseAnalyticsOnDeviceConversion */; };
		B27347102BBCADB20090C623 /* FirebaseAnalyticsSwift in Frameworks */ = {isa = PBXBuildFile; productRef = B273470F2BBCADB20090C623 /* FirebaseAnalyticsSwift */; };
		B27347122BBCADB20090C623 /* FirebaseAnalyticsWithoutAdIdSupport in Frameworks */ = {isa = PBXBuildFile; productRef = B27347112BBCADB20090C623 /* FirebaseAnalyticsWithoutAdIdSupport */; };
		B27347142BBCADB20090C623 /* FirebaseAppCheck in Frameworks */ = {isa = PBXBuildFile; productRef = B27347132BBCADB20090C623 /* FirebaseAppCheck */; };
		B27347162BBD041B0090C623 /* FirebaseAnalytics in Frameworks */ = {isa = PBXBuildFile; productRef = B27347152BBD041B0090C623 /* FirebaseAnalytics */; };
		B27347182BBD041B0090C623 /* FirebaseAnalyticsOnDeviceConversion in Frameworks */ = {isa = PBXBuildFile; productRef = B27347172BBD041B0090C623 /* FirebaseAnalyticsOnDeviceConversion */; };
		B273471A2BBD041B0090C623 /* FirebaseAnalyticsSwift in Frameworks */ = {isa = PBXBuildFile; productRef = B27347192BBD041B0090C623 /* FirebaseAnalyticsSwift */; };
		B273471C2BBD041B0090C623 /* FirebaseAnalyticsWithoutAdIdSupport in Frameworks */ = {isa = PBXBuildFile; productRef = B273471B2BBD041B0090C623 /* FirebaseAnalyticsWithoutAdIdSupport */; };
		B273471E2BBD041B0090C623 /* FirebaseAppCheck in Frameworks */ = {isa = PBXBuildFile; productRef = B273471D2BBD041B0090C623 /* FirebaseAppCheck */; };
		B27347202BBD041B0090C623 /* FirebaseAppDistribution-Beta in Frameworks */ = {isa = PBXBuildFile; productRef = B273471F2BBD041B0090C623 /* FirebaseAppDistribution-Beta */; };
		B27347222BBD041B0090C623 /* FirebaseAuth in Frameworks */ = {isa = PBXBuildFile; productRef = B27347212BBD041B0090C623 /* FirebaseAuth */; };
		B27347242BBD041B0090C623 /* FirebaseAuthCombine-Community in Frameworks */ = {isa = PBXBuildFile; productRef = B27347232BBD041B0090C623 /* FirebaseAuthCombine-Community */; };
		B27347262BBD041B0090C623 /* FirebaseCrashlytics in Frameworks */ = {isa = PBXBuildFile; productRef = B27347252BBD041B0090C623 /* FirebaseCrashlytics */; };
		B27347282BBD041B0090C623 /* FirebaseDatabase in Frameworks */ = {isa = PBXBuildFile; productRef = B27347272BBD041B0090C623 /* FirebaseDatabase */; };
		B273472A2BBD041B0090C623 /* FirebaseDatabaseSwift in Frameworks */ = {isa = PBXBuildFile; productRef = B27347292BBD041B0090C623 /* FirebaseDatabaseSwift */; };
		B273472C2BBD041B0090C623 /* FirebaseDynamicLinks in Frameworks */ = {isa = PBXBuildFile; productRef = B273472B2BBD041B0090C623 /* FirebaseDynamicLinks */; };
		B273472E2BBD041B0090C623 /* FirebaseFirestore in Frameworks */ = {isa = PBXBuildFile; productRef = B273472D2BBD041B0090C623 /* FirebaseFirestore */; };
		B27347302BBD041B0090C623 /* FirebaseFirestoreCombine-Community in Frameworks */ = {isa = PBXBuildFile; productRef = B273472F2BBD041B0090C623 /* FirebaseFirestoreCombine-Community */; };
		B27347322BBD041B0090C623 /* FirebaseFirestoreSwift in Frameworks */ = {isa = PBXBuildFile; productRef = B27347312BBD041B0090C623 /* FirebaseFirestoreSwift */; };
		B27347342BBD041B0090C623 /* FirebaseFunctions in Frameworks */ = {isa = PBXBuildFile; productRef = B27347332BBD041B0090C623 /* FirebaseFunctions */; };
		B27347362BBD041B0090C623 /* FirebaseFunctionsCombine-Community in Frameworks */ = {isa = PBXBuildFile; productRef = B27347352BBD041B0090C623 /* FirebaseFunctionsCombine-Community */; };
		B27347382BBD041B0090C623 /* FirebaseInAppMessaging-Beta in Frameworks */ = {isa = PBXBuildFile; productRef = B27347372BBD041B0090C623 /* FirebaseInAppMessaging-Beta */; };
		B273473A2BBD041B0090C623 /* FirebaseInAppMessagingSwift-Beta in Frameworks */ = {isa = PBXBuildFile; productRef = B27347392BBD041B0090C623 /* FirebaseInAppMessagingSwift-Beta */; };
		B273473C2BBD041B0090C623 /* FirebaseInstallations in Frameworks */ = {isa = PBXBuildFile; productRef = B273473B2BBD041B0090C623 /* FirebaseInstallations */; };
		B273473E2BBD041B0090C623 /* FirebaseMLModelDownloader in Frameworks */ = {isa = PBXBuildFile; productRef = B273473D2BBD041B0090C623 /* FirebaseMLModelDownloader */; };
		B27347402BBD041B0090C623 /* FirebaseMessaging in Frameworks */ = {isa = PBXBuildFile; productRef = B273473F2BBD041B0090C623 /* FirebaseMessaging */; };
		B27347422BBD041B0090C623 /* FirebasePerformance in Frameworks */ = {isa = PBXBuildFile; productRef = B27347412BBD041B0090C623 /* FirebasePerformance */; };
		B27347442BBD041B0090C623 /* FirebaseRemoteConfig in Frameworks */ = {isa = PBXBuildFile; productRef = B27347432BBD041B0090C623 /* FirebaseRemoteConfig */; };
		B27347462BBD041B0090C623 /* FirebaseRemoteConfigSwift in Frameworks */ = {isa = PBXBuildFile; productRef = B27347452BBD041B0090C623 /* FirebaseRemoteConfigSwift */; };
		B27347482BBD041B0090C623 /* FirebaseStorage in Frameworks */ = {isa = PBXBuildFile; productRef = B27347472BBD041B0090C623 /* FirebaseStorage */; };
		B273474A2BBD041B0090C623 /* FirebaseStorageCombine-Community in Frameworks */ = {isa = PBXBuildFile; productRef = B27347492BBD041B0090C623 /* FirebaseStorageCombine-Community */; };
		B273474C2BBF20F90090C623 /* 5-0.Dependencies.swift in Sources */ = {isa = PBXBuildFile; fileRef = B273474B2BBF20F90090C623 /* 5-0.Dependencies.swift */; };
		B273474E2BC1E7920090C623 /* scrollingViewList.json in Resources */ = {isa = PBXBuildFile; fileRef = B273474D2BC1E7920090C623 /* scrollingViewList.json */; };
/* End PBXBuildFile section */

/* Begin PBXFileReference section */
		B21447F72B830E80004F684C /* P5.js Viewer 0.13.app */ = {isa = PBXFileReference; explicitFileType = wrapper.application; includeInIndex = 0; path = "P5.js Viewer 0.13.app"; sourceTree = BUILT_PRODUCTS_DIR; };
		B21447FA2B830E80004F684C /* P5_js_Viewer_0_13App.swift */ = {isa = PBXFileReference; lastKnownFileType = sourcecode.swift; path = P5_js_Viewer_0_13App.swift; sourceTree = "<group>"; };
		B21447FC2B830E80004F684C /* 0.ContentView.swift */ = {isa = PBXFileReference; lastKnownFileType = sourcecode.swift; path = 0.ContentView.swift; sourceTree = "<group>"; };
		B21447FE2B830E81004F684C /* Assets.xcassets */ = {isa = PBXFileReference; lastKnownFileType = folder.assetcatalog; path = Assets.xcassets; sourceTree = "<group>"; };
		B21448012B830E81004F684C /* Preview Assets.xcassets */ = {isa = PBXFileReference; lastKnownFileType = folder.assetcatalog; path = "Preview Assets.xcassets"; sourceTree = "<group>"; };
		B21448102B830F60004F684C /* Examples */ = {isa = PBXFileReference; lastKnownFileType = folder; path = Examples; sourceTree = "<group>"; };
		B21448122B83A9EC004F684C /* 1-2.UnzipContent.swift */ = {isa = PBXFileReference; lastKnownFileType = sourcecode.swift; path = "1-2.UnzipContent.swift"; sourceTree = "<group>"; };
		B21448162B83BA34004F684C /* TestSketch1981360 */ = {isa = PBXFileReference; lastKnownFileType = folder; path = TestSketch1981360; sourceTree = "<group>"; };
		B214481A2B83D95F004F684C /* 5.WebContentView.swift */ = {isa = PBXFileReference; lastKnownFileType = sourcecode.swift; path = 5.WebContentView.swift; sourceTree = "<group>"; };
		B24C88142B97A2C600574A35 /* TestScreenshot.swift */ = {isa = PBXFileReference; lastKnownFileType = sourcecode.swift; path = TestScreenshot.swift; sourceTree = "<group>"; };
		B24C884E2B98D55F00574A35 /* 2.SearchView.swift */ = {isa = PBXFileReference; lastKnownFileType = sourcecode.swift; path = 2.SearchView.swift; sourceTree = "<group>"; };
		B24C88502B98DE3900574A35 /* 3.MyCollectionsView.swift */ = {isa = PBXFileReference; lastKnownFileType = sourcecode.swift; path = 3.MyCollectionsView.swift; sourceTree = "<group>"; };
		B24C88522B98E52000574A35 /* 4.SettingsView.swift */ = {isa = PBXFileReference; lastKnownFileType = sourcecode.swift; path = 4.SettingsView.swift; sourceTree = "<group>"; };
		B24C88542B9A7B0300574A35 /* 2-1.DownloadSketchWithURL.swift */ = {isa = PBXFileReference; lastKnownFileType = sourcecode.swift; path = "2-1.DownloadSketchWithURL.swift"; sourceTree = "<group>"; };
		B24C88562B9BC7E300574A35 /* 3-1.Collect.swift */ = {isa = PBXFileReference; lastKnownFileType = sourcecode.swift; path = "3-1.Collect.swift"; sourceTree = "<group>"; };
		B24C885A2BA0B42E00574A35 /* gyroscope.swift */ = {isa = PBXFileReference; lastKnownFileType = sourcecode.swift; path = gyroscope.swift; sourceTree = "<group>"; };
		B24C885E2BA39F6000574A35 /* collectionlists.json */ = {isa = PBXFileReference; lastKnownFileType = text.json; path = collectionlists.json; sourceTree = "<group>"; };
		B24C88602BA3A4C500574A35 /* 5-5.SaveAnimation.swift */ = {isa = PBXFileReference; lastKnownFileType = sourcecode.swift; path = "5-5.SaveAnimation.swift"; sourceTree = "<group>"; };
		B24C88612BA3A4C500574A35 /* 5-3.DetailView.swift */ = {isa = PBXFileReference; lastKnownFileType = sourcecode.swift; path = "5-3.DetailView.swift"; sourceTree = "<group>"; };
		B24C88622BA3A4C500574A35 /* 5-2.FullscreenWebView.swift */ = {isa = PBXFileReference; lastKnownFileType = sourcecode.swift; path = "5-2.FullscreenWebView.swift"; sourceTree = "<group>"; };
		B24C88632BA3A4C500574A35 /* 5-4.WebViewSnapshotter.swift */ = {isa = PBXFileReference; lastKnownFileType = sourcecode.swift; path = "5-4.WebViewSnapshotter.swift"; sourceTree = "<group>"; };
		B24C88642BA3A4C500574A35 /* 5-1.WebView.swift */ = {isa = PBXFileReference; lastKnownFileType = sourcecode.swift; path = "5-1.WebView.swift"; sourceTree = "<group>"; };
		B27346F92BB6170D0090C623 /* 6.LoadingView.swift */ = {isa = PBXFileReference; lastKnownFileType = sourcecode.swift; path = 6.LoadingView.swift; sourceTree = "<group>"; };
		B27346FB2BBC95250090C623 /* 1.ScrollingView.swift */ = {isa = PBXFileReference; lastKnownFileType = sourcecode.swift; path = 1.ScrollingView.swift; sourceTree = "<group>"; };
		B27346FD2BBC95610090C623 /* 7.ExamplesView.swift */ = {isa = PBXFileReference; lastKnownFileType = sourcecode.swift; path = 7.ExamplesView.swift; sourceTree = "<group>"; };
		B27347042BBCA4380090C623 /* 1-3.SketchInListViewModel.swift */ = {isa = PBXFileReference; lastKnownFileType = sourcecode.swift; path = "1-3.SketchInListViewModel.swift"; sourceTree = "<group>"; };
		B27347062BBCA8450090C623 /* 1-4.SketchModel.swift */ = {isa = PBXFileReference; lastKnownFileType = sourcecode.swift; path = "1-4.SketchModel.swift"; sourceTree = "<group>"; };
		B27347082BBCAD260090C623 /* GoogleService-Info.plist */ = {isa = PBXFileReference; fileEncoding = 4; lastKnownFileType = text.plist.xml; path = "GoogleService-Info.plist"; sourceTree = "<group>"; };
		B273474B2BBF20F90090C623 /* 5-0.Dependencies.swift */ = {isa = PBXFileReference; lastKnownFileType = sourcecode.swift; path = "5-0.Dependencies.swift"; sourceTree = "<group>"; };
		B273474D2BC1E7920090C623 /* scrollingViewList.json */ = {isa = PBXFileReference; lastKnownFileType = text.json; path = scrollingViewList.json; sourceTree = "<group>"; };
		B280DFB32B87B69600C271F5 /* README.md */ = {isa = PBXFileReference; lastKnownFileType = net.daringfireball.markdown; path = README.md; sourceTree = "<group>"; };
/* End PBXFileReference section */

/* Begin PBXFrameworksBuildPhase section */
		B21447F42B830E80004F684C /* Frameworks */ = {
			isa = PBXFrameworksBuildPhase;
			buildActionMask = 2147483647;
			files = (
				B214480A2B830EDB004F684C /* Telegraph in Frameworks */,
				B27347122BBCADB20090C623 /* FirebaseAnalyticsWithoutAdIdSupport in Frameworks */,
				B27347422BBD041B0090C623 /* FirebasePerformance in Frameworks */,
				B27347162BBD041B0090C623 /* FirebaseAnalytics in Frameworks */,
				B273473C2BBD041B0090C623 /* FirebaseInstallations in Frameworks */,
				B27347202BBD041B0090C623 /* FirebaseAppDistribution-Beta in Frameworks */,
				B273474A2BBD041B0090C623 /* FirebaseStorageCombine-Community in Frameworks */,
				B27347382BBD041B0090C623 /* FirebaseInAppMessaging-Beta in Frameworks */,
				B27347242BBD041B0090C623 /* FirebaseAuthCombine-Community in Frameworks */,
				B27347482BBD041B0090C623 /* FirebaseStorage in Frameworks */,
				B27347322BBD041B0090C623 /* FirebaseFirestoreSwift in Frameworks */,
				B27347462BBD041B0090C623 /* FirebaseRemoteConfigSwift in Frameworks */,
				B214480D2B830EEB004F684C /* ZIPFoundation in Frameworks */,
				B273473A2BBD041B0090C623 /* FirebaseInAppMessagingSwift-Beta in Frameworks */,
				B27347302BBD041B0090C623 /* FirebaseFirestoreCombine-Community in Frameworks */,
				B27347442BBD041B0090C623 /* FirebaseRemoteConfig in Frameworks */,
				B27347222BBD041B0090C623 /* FirebaseAuth in Frameworks */,
				B27347282BBD041B0090C623 /* FirebaseDatabase in Frameworks */,
				B273471E2BBD041B0090C623 /* FirebaseAppCheck in Frameworks */,
				B273471C2BBD041B0090C623 /* FirebaseAnalyticsWithoutAdIdSupport in Frameworks */,
				B273471A2BBD041B0090C623 /* FirebaseAnalyticsSwift in Frameworks */,
				B27347182BBD041B0090C623 /* FirebaseAnalyticsOnDeviceConversion in Frameworks */,
				B273472C2BBD041B0090C623 /* FirebaseDynamicLinks in Frameworks */,
				B273472E2BBD041B0090C623 /* FirebaseFirestore in Frameworks */,
				B273472A2BBD041B0090C623 /* FirebaseDatabaseSwift in Frameworks */,
				B27347342BBD041B0090C623 /* FirebaseFunctions in Frameworks */,
				B273470C2BBCADB20090C623 /* FirebaseAnalytics in Frameworks */,
				B27347142BBCADB20090C623 /* FirebaseAppCheck in Frameworks */,
				B27347262BBD041B0090C623 /* FirebaseCrashlytics in Frameworks */,
				B273470E2BBCADB20090C623 /* FirebaseAnalyticsOnDeviceConversion in Frameworks */,
				B27347102BBCADB20090C623 /* FirebaseAnalyticsSwift in Frameworks */,
				B27347402BBD041B0090C623 /* FirebaseMessaging in Frameworks */,
				B27347362BBD041B0090C623 /* FirebaseFunctionsCombine-Community in Frameworks */,
				B273473E2BBD041B0090C623 /* FirebaseMLModelDownloader in Frameworks */,
			);
			runOnlyForDeploymentPostprocessing = 0;
		};
/* End PBXFrameworksBuildPhase section */

/* Begin PBXGroup section */
		B21447EE2B830E80004F684C = {
			isa = PBXGroup;
			children = (
				B21447F92B830E80004F684C /* P5.js Viewer 0.13 */,
				B21447F82B830E80004F684C /* Products */,
			);
			sourceTree = "<group>";
		};
		B21447F82B830E80004F684C /* Products */ = {
			isa = PBXGroup;
			children = (
				B21447F72B830E80004F684C /* P5.js Viewer 0.13.app */,
			);
			name = Products;
			sourceTree = "<group>";
		};
		B21447F92B830E80004F684C /* P5.js Viewer 0.13 */ = {
			isa = PBXGroup;
			children = (
				B27347082BBCAD260090C623 /* GoogleService-Info.plist */,
				B27346FF2BBCA29F0090C623 /* Features */,
				B21448162B83BA34004F684C /* TestSketch1981360 */,
				B21448102B830F60004F684C /* Examples */,
				B21447FA2B830E80004F684C /* P5_js_Viewer_0_13App.swift */,
				B21447FC2B830E80004F684C /* 0.ContentView.swift */,
				B27346FB2BBC95250090C623 /* 1.ScrollingView.swift */,
				B21448122B83A9EC004F684C /* 1-2.UnzipContent.swift */,
				B27347042BBCA4380090C623 /* 1-3.SketchInListViewModel.swift */,
				B27347062BBCA8450090C623 /* 1-4.SketchModel.swift */,
				B24C884E2B98D55F00574A35 /* 2.SearchView.swift */,
				B24C88542B9A7B0300574A35 /* 2-1.DownloadSketchWithURL.swift */,
				B24C88502B98DE3900574A35 /* 3.MyCollectionsView.swift */,
				B24C88562B9BC7E300574A35 /* 3-1.Collect.swift */,
				B24C88522B98E52000574A35 /* 4.SettingsView.swift */,
				B214481A2B83D95F004F684C /* 5.WebContentView.swift */,
				B273474B2BBF20F90090C623 /* 5-0.Dependencies.swift */,
				B24C88642BA3A4C500574A35 /* 5-1.WebView.swift */,
				B24C88622BA3A4C500574A35 /* 5-2.FullscreenWebView.swift */,
				B24C88612BA3A4C500574A35 /* 5-3.DetailView.swift */,
				B24C88632BA3A4C500574A35 /* 5-4.WebViewSnapshotter.swift */,
				B24C88602BA3A4C500574A35 /* 5-5.SaveAnimation.swift */,
				B27346F92BB6170D0090C623 /* 6.LoadingView.swift */,
				B27346FD2BBC95610090C623 /* 7.ExamplesView.swift */,
				B24C885E2BA39F6000574A35 /* collectionlists.json */,
				B273474D2BC1E7920090C623 /* scrollingViewList.json */,
				B24C885A2BA0B42E00574A35 /* gyroscope.swift */,
				B21447FE2B830E81004F684C /* Assets.xcassets */,
				B24C88142B97A2C600574A35 /* TestScreenshot.swift */,
				B21448002B830E81004F684C /* Preview Content */,
			);
			path = "P5.js Viewer 0.13";
			sourceTree = "<group>";
		};
		B21448002B830E81004F684C /* Preview Content */ = {
			isa = PBXGroup;
			children = (
				B21448012B830E81004F684C /* Preview Assets.xcassets */,
				B280DFB32B87B69600C271F5 /* README.md */,
			);
			path = "Preview Content";
			sourceTree = "<group>";
		};
		B27346FF2BBCA29F0090C623 /* Features */ = {
			isa = PBXGroup;
			children = (
				B27347002BBCA2D50090C623 /* Sketches */,
			);
			path = Features;
			sourceTree = "<group>";
		};
		B27347002BBCA2D50090C623 /* Sketches */ = {
			isa = PBXGroup;
			children = (
				B27347032BBCA35D0090C623 /* Views */,
				B27347022BBCA34E0090C623 /* ViewModels */,
				B27347012BBCA3470090C623 /* Models */,
			);
			path = Sketches;
			sourceTree = "<group>";
		};
		B27347012BBCA3470090C623 /* Models */ = {
			isa = PBXGroup;
			children = (
			);
			path = Models;
			sourceTree = "<group>";
		};
		B27347022BBCA34E0090C623 /* ViewModels */ = {
			isa = PBXGroup;
			children = (
			);
			path = ViewModels;
			sourceTree = "<group>";
		};
		B27347032BBCA35D0090C623 /* Views */ = {
			isa = PBXGroup;
			children = (
			);
			path = Views;
			sourceTree = "<group>";
		};
/* End PBXGroup section */

/* Begin PBXNativeTarget section */
		B21447F62B830E80004F684C /* P5.js Viewer 0.13 */ = {
			isa = PBXNativeTarget;
			buildConfigurationList = B21448052B830E81004F684C /* Build configuration list for PBXNativeTarget "P5.js Viewer 0.13" */;
			buildPhases = (
				B21447F32B830E80004F684C /* Sources */,
				B21447F42B830E80004F684C /* Frameworks */,
				B21447F52B830E80004F684C /* Resources */,
			);
			buildRules = (
			);
			dependencies = (
			);
			name = "P5.js Viewer 0.13";
			packageProductDependencies = (
				B21448092B830EDB004F684C /* Telegraph */,
				B214480C2B830EEB004F684C /* ZIPFoundation */,
				B273470B2BBCADB20090C623 /* FirebaseAnalytics */,
				B273470D2BBCADB20090C623 /* FirebaseAnalyticsOnDeviceConversion */,
				B273470F2BBCADB20090C623 /* FirebaseAnalyticsSwift */,
				B27347112BBCADB20090C623 /* FirebaseAnalyticsWithoutAdIdSupport */,
				B27347132BBCADB20090C623 /* FirebaseAppCheck */,
				B27347152BBD041B0090C623 /* FirebaseAnalytics */,
				B27347172BBD041B0090C623 /* FirebaseAnalyticsOnDeviceConversion */,
				B27347192BBD041B0090C623 /* FirebaseAnalyticsSwift */,
				B273471B2BBD041B0090C623 /* FirebaseAnalyticsWithoutAdIdSupport */,
				B273471D2BBD041B0090C623 /* FirebaseAppCheck */,
				B273471F2BBD041B0090C623 /* FirebaseAppDistribution-Beta */,
				B27347212BBD041B0090C623 /* FirebaseAuth */,
				B27347232BBD041B0090C623 /* FirebaseAuthCombine-Community */,
				B27347252BBD041B0090C623 /* FirebaseCrashlytics */,
				B27347272BBD041B0090C623 /* FirebaseDatabase */,
				B27347292BBD041B0090C623 /* FirebaseDatabaseSwift */,
				B273472B2BBD041B0090C623 /* FirebaseDynamicLinks */,
				B273472D2BBD041B0090C623 /* FirebaseFirestore */,
				B273472F2BBD041B0090C623 /* FirebaseFirestoreCombine-Community */,
				B27347312BBD041B0090C623 /* FirebaseFirestoreSwift */,
				B27347332BBD041B0090C623 /* FirebaseFunctions */,
				B27347352BBD041B0090C623 /* FirebaseFunctionsCombine-Community */,
				B27347372BBD041B0090C623 /* FirebaseInAppMessaging-Beta */,
				B27347392BBD041B0090C623 /* FirebaseInAppMessagingSwift-Beta */,
				B273473B2BBD041B0090C623 /* FirebaseInstallations */,
				B273473D2BBD041B0090C623 /* FirebaseMLModelDownloader */,
				B273473F2BBD041B0090C623 /* FirebaseMessaging */,
				B27347412BBD041B0090C623 /* FirebasePerformance */,
				B27347432BBD041B0090C623 /* FirebaseRemoteConfig */,
				B27347452BBD041B0090C623 /* FirebaseRemoteConfigSwift */,
				B27347472BBD041B0090C623 /* FirebaseStorage */,
				B27347492BBD041B0090C623 /* FirebaseStorageCombine-Community */,
			);
			productName = "P5.js Viewer 0.11";
			productReference = B21447F72B830E80004F684C /* P5.js Viewer 0.13.app */;
			productType = "com.apple.product-type.application";
		};
/* End PBXNativeTarget section */

/* Begin PBXProject section */
		B21447EF2B830E80004F684C /* Project object */ = {
			isa = PBXProject;
			attributes = {
				BuildIndependentTargetsInParallel = 1;
				LastSwiftUpdateCheck = 1520;
				LastUpgradeCheck = 1520;
				TargetAttributes = {
					B21447F62B830E80004F684C = {
						CreatedOnToolsVersion = 15.2;
					};
				};
			};
			buildConfigurationList = B21447F22B830E80004F684C /* Build configuration list for PBXProject "P5.js Viewer 0.13" */;
			compatibilityVersion = "Xcode 14.0";
			developmentRegion = en;
			hasScannedForEncodings = 0;
			knownRegions = (
				en,
				Base,
			);
			mainGroup = B21447EE2B830E80004F684C;
			packageReferences = (
				B21448082B830EDB004F684C /* XCRemoteSwiftPackageReference "Telegraph" */,
				B214480B2B830EEB004F684C /* XCRemoteSwiftPackageReference "ZIPFoundation" */,
				B273470A2BBCADB20090C623 /* XCRemoteSwiftPackageReference "firebase-ios-sdk" */,
			);
			productRefGroup = B21447F82B830E80004F684C /* Products */;
			projectDirPath = "";
			projectRoot = "";
			targets = (
				B21447F62B830E80004F684C /* P5.js Viewer 0.13 */,
			);
		};
/* End PBXProject section */

/* Begin PBXResourcesBuildPhase section */
		B21447F52B830E80004F684C /* Resources */ = {
			isa = PBXResourcesBuildPhase;
			buildActionMask = 2147483647;
			files = (
				B21448022B830E81004F684C /* Preview Assets.xcassets in Resources */,
				B21448112B830F60004F684C /* Examples in Resources */,
				B24C885F2BA39F6000574A35 /* collectionlists.json in Resources */,
				B273474E2BC1E7920090C623 /* scrollingViewList.json in Resources */,
				B21447FF2B830E81004F684C /* Assets.xcassets in Resources */,
				B21448172B83BA34004F684C /* TestSketch1981360 in Resources */,
				B27347092BBCAD260090C623 /* GoogleService-Info.plist in Resources */,
			);
			runOnlyForDeploymentPostprocessing = 0;
		};
/* End PBXResourcesBuildPhase section */

/* Begin PBXSourcesBuildPhase section */
		B21447F32B830E80004F684C /* Sources */ = {
			isa = PBXSourcesBuildPhase;
			buildActionMask = 2147483647;
			files = (
				B27346FE2BBC95610090C623 /* 7.ExamplesView.swift in Sources */,
				B24C884F2B98D55F00574A35 /* 2.SearchView.swift in Sources */,
				B27347072BBCA8450090C623 /* 1-4.SketchModel.swift in Sources */,
				B24C88572B9BC7E300574A35 /* 3-1.Collect.swift in Sources */,
				B273474C2BBF20F90090C623 /* 5-0.Dependencies.swift in Sources */,
				B27346FA2BB6170D0090C623 /* 6.LoadingView.swift in Sources */,
				B24C88692BA3A4C500574A35 /* 5-5.SaveAnimation.swift in Sources */,
				B214481B2B83D95F004F684C /* 5.WebContentView.swift in Sources */,
				B24C88552B9A7B0300574A35 /* 2-1.DownloadSketchWithURL.swift in Sources */,
				B24C885B2BA0B42E00574A35 /* gyroscope.swift in Sources */,
				B24C88512B98DE3900574A35 /* 3.MyCollectionsView.swift in Sources */,
				B21447FD2B830E80004F684C /* 0.ContentView.swift in Sources */,
				B27347052BBCA4380090C623 /* 1-3.SketchInListViewModel.swift in Sources */,
				B21448132B83A9EC004F684C /* 1-2.UnzipContent.swift in Sources */,
				B24C88532B98E52000574A35 /* 4.SettingsView.swift in Sources */,
				B27346FC2BBC95250090C623 /* 1.ScrollingView.swift in Sources */,
				B24C88682BA3A4C500574A35 /* 5-4.WebViewSnapshotter.swift in Sources */,
				B24C88662BA3A4C500574A35 /* 5-3.DetailView.swift in Sources */,
				B24C88652BA3A4C500574A35 /* 5-1.WebView.swift in Sources */,
				B24C88152B97A2C600574A35 /* TestScreenshot.swift in Sources */,
				B24C88672BA3A4C500574A35 /* 5-2.FullscreenWebView.swift in Sources */,
				B21447FB2B830E80004F684C /* P5_js_Viewer_0_13App.swift in Sources */,
			);
			runOnlyForDeploymentPostprocessing = 0;
		};
/* End PBXSourcesBuildPhase section */

/* Begin XCBuildConfiguration section */
		B21448032B830E81004F684C /* Debug */ = {
			isa = XCBuildConfiguration;
			buildSettings = {
				ALWAYS_SEARCH_USER_PATHS = NO;
				ASSETCATALOG_COMPILER_GENERATE_SWIFT_ASSET_SYMBOL_EXTENSIONS = YES;
				CLANG_ANALYZER_NONNULL = YES;
				CLANG_ANALYZER_NUMBER_OBJECT_CONVERSION = YES_AGGRESSIVE;
				CLANG_CXX_LANGUAGE_STANDARD = "gnu++20";
				CLANG_ENABLE_MODULES = YES;
				CLANG_ENABLE_OBJC_ARC = YES;
				CLANG_ENABLE_OBJC_WEAK = YES;
				CLANG_WARN_BLOCK_CAPTURE_AUTORELEASING = YES;
				CLANG_WARN_BOOL_CONVERSION = YES;
				CLANG_WARN_COMMA = YES;
				CLANG_WARN_CONSTANT_CONVERSION = YES;
				CLANG_WARN_DEPRECATED_OBJC_IMPLEMENTATIONS = YES;
				CLANG_WARN_DIRECT_OBJC_ISA_USAGE = YES_ERROR;
				CLANG_WARN_DOCUMENTATION_COMMENTS = YES;
				CLANG_WARN_EMPTY_BODY = YES;
				CLANG_WARN_ENUM_CONVERSION = YES;
				CLANG_WARN_INFINITE_RECURSION = YES;
				CLANG_WARN_INT_CONVERSION = YES;
				CLANG_WARN_NON_LITERAL_NULL_CONVERSION = YES;
				CLANG_WARN_OBJC_IMPLICIT_RETAIN_SELF = YES;
				CLANG_WARN_OBJC_LITERAL_CONVERSION = YES;
				CLANG_WARN_OBJC_ROOT_CLASS = YES_ERROR;
				CLANG_WARN_QUOTED_INCLUDE_IN_FRAMEWORK_HEADER = YES;
				CLANG_WARN_RANGE_LOOP_ANALYSIS = YES;
				CLANG_WARN_STRICT_PROTOTYPES = YES;
				CLANG_WARN_SUSPICIOUS_MOVE = YES;
				CLANG_WARN_UNGUARDED_AVAILABILITY = YES_AGGRESSIVE;
				CLANG_WARN_UNREACHABLE_CODE = YES;
				CLANG_WARN__DUPLICATE_METHOD_MATCH = YES;
				COPY_PHASE_STRIP = NO;
				DEBUG_INFORMATION_FORMAT = dwarf;
				ENABLE_STRICT_OBJC_MSGSEND = YES;
				ENABLE_TESTABILITY = YES;
				ENABLE_USER_SCRIPT_SANDBOXING = YES;
				GCC_C_LANGUAGE_STANDARD = gnu17;
				GCC_DYNAMIC_NO_PIC = NO;
				GCC_NO_COMMON_BLOCKS = YES;
				GCC_OPTIMIZATION_LEVEL = 0;
				GCC_PREPROCESSOR_DEFINITIONS = (
					"DEBUG=1",
					"$(inherited)",
				);
				GCC_WARN_64_TO_32_BIT_CONVERSION = YES;
				GCC_WARN_ABOUT_RETURN_TYPE = YES_ERROR;
				GCC_WARN_UNDECLARED_SELECTOR = YES;
				GCC_WARN_UNINITIALIZED_AUTOS = YES_AGGRESSIVE;
				GCC_WARN_UNUSED_FUNCTION = YES;
				GCC_WARN_UNUSED_VARIABLE = YES;
				IPHONEOS_DEPLOYMENT_TARGET = 17.2;
				LOCALIZATION_PREFERS_STRING_CATALOGS = YES;
				MTL_ENABLE_DEBUG_INFO = INCLUDE_SOURCE;
				MTL_FAST_MATH = YES;
				ONLY_ACTIVE_ARCH = YES;
				SDKROOT = iphoneos;
				SWIFT_ACTIVE_COMPILATION_CONDITIONS = "DEBUG $(inherited)";
				SWIFT_OPTIMIZATION_LEVEL = "-Onone";
			};
			name = Debug;
		};
		B21448042B830E81004F684C /* Release */ = {
			isa = XCBuildConfiguration;
			buildSettings = {
				ALWAYS_SEARCH_USER_PATHS = NO;
				ASSETCATALOG_COMPILER_GENERATE_SWIFT_ASSET_SYMBOL_EXTENSIONS = YES;
				CLANG_ANALYZER_NONNULL = YES;
				CLANG_ANALYZER_NUMBER_OBJECT_CONVERSION = YES_AGGRESSIVE;
				CLANG_CXX_LANGUAGE_STANDARD = "gnu++20";
				CLANG_ENABLE_MODULES = YES;
				CLANG_ENABLE_OBJC_ARC = YES;
				CLANG_ENABLE_OBJC_WEAK = YES;
				CLANG_WARN_BLOCK_CAPTURE_AUTORELEASING = YES;
				CLANG_WARN_BOOL_CONVERSION = YES;
				CLANG_WARN_COMMA = YES;
				CLANG_WARN_CONSTANT_CONVERSION = YES;
				CLANG_WARN_DEPRECATED_OBJC_IMPLEMENTATIONS = YES;
				CLANG_WARN_DIRECT_OBJC_ISA_USAGE = YES_ERROR;
				CLANG_WARN_DOCUMENTATION_COMMENTS = YES;
				CLANG_WARN_EMPTY_BODY = YES;
				CLANG_WARN_ENUM_CONVERSION = YES;
				CLANG_WARN_INFINITE_RECURSION = YES;
				CLANG_WARN_INT_CONVERSION = YES;
				CLANG_WARN_NON_LITERAL_NULL_CONVERSION = YES;
				CLANG_WARN_OBJC_IMPLICIT_RETAIN_SELF = YES;
				CLANG_WARN_OBJC_LITERAL_CONVERSION = YES;
				CLANG_WARN_OBJC_ROOT_CLASS = YES_ERROR;
				CLANG_WARN_QUOTED_INCLUDE_IN_FRAMEWORK_HEADER = YES;
				CLANG_WARN_RANGE_LOOP_ANALYSIS = YES;
				CLANG_WARN_STRICT_PROTOTYPES = YES;
				CLANG_WARN_SUSPICIOUS_MOVE = YES;
				CLANG_WARN_UNGUARDED_AVAILABILITY = YES_AGGRESSIVE;
				CLANG_WARN_UNREACHABLE_CODE = YES;
				CLANG_WARN__DUPLICATE_METHOD_MATCH = YES;
				COPY_PHASE_STRIP = NO;
				DEBUG_INFORMATION_FORMAT = "dwarf-with-dsym";
				ENABLE_NS_ASSERTIONS = NO;
				ENABLE_STRICT_OBJC_MSGSEND = YES;
				ENABLE_USER_SCRIPT_SANDBOXING = YES;
				GCC_C_LANGUAGE_STANDARD = gnu17;
				GCC_NO_COMMON_BLOCKS = YES;
				GCC_WARN_64_TO_32_BIT_CONVERSION = YES;
				GCC_WARN_ABOUT_RETURN_TYPE = YES_ERROR;
				GCC_WARN_UNDECLARED_SELECTOR = YES;
				GCC_WARN_UNINITIALIZED_AUTOS = YES_AGGRESSIVE;
				GCC_WARN_UNUSED_FUNCTION = YES;
				GCC_WARN_UNUSED_VARIABLE = YES;
				IPHONEOS_DEPLOYMENT_TARGET = 17.2;
				LOCALIZATION_PREFERS_STRING_CATALOGS = YES;
				MTL_ENABLE_DEBUG_INFO = NO;
				MTL_FAST_MATH = YES;
				SDKROOT = iphoneos;
				SWIFT_COMPILATION_MODE = wholemodule;
				VALIDATE_PRODUCT = YES;
			};
			name = Release;
		};
		B21448062B830E81004F684C /* Debug */ = {
			isa = XCBuildConfiguration;
			buildSettings = {
				ASSETCATALOG_COMPILER_APPICON_NAME = AppIcon;
				ASSETCATALOG_COMPILER_GLOBAL_ACCENT_COLOR_NAME = AccentColor;
				CODE_SIGN_STYLE = Automatic;
				CURRENT_PROJECT_VERSION = 1;
				DEVELOPMENT_ASSET_PATHS = "P5.js\\ Viewer\\ 0.13/Preview\\ Content";
				DEVELOPMENT_TEAM = 4U7WY8BUM4;
				ENABLE_PREVIEWS = YES;
				GENERATE_INFOPLIST_FILE = YES;
				INFOPLIST_FILE = "P5-js-Viewer-0-13-Info.plist";
				INFOPLIST_KEY_NSPhotoLibraryAddUsageDescription = "We need the Save-Only permisson to your photo library. We never access any of your photo including the saved ones.";
				INFOPLIST_KEY_UIApplicationSceneManifest_Generation = YES;
				INFOPLIST_KEY_UIApplicationSupportsIndirectInputEvents = YES;
				INFOPLIST_KEY_UILaunchScreen_Generation = YES;
				INFOPLIST_KEY_UISupportedInterfaceOrientations_iPad = "UIInterfaceOrientationPortrait UIInterfaceOrientationPortraitUpsideDown UIInterfaceOrientationLandscapeLeft UIInterfaceOrientationLandscapeRight";
				INFOPLIST_KEY_UISupportedInterfaceOrientations_iPhone = "UIInterfaceOrientationPortrait UIInterfaceOrientationLandscapeLeft UIInterfaceOrientationLandscapeRight";
				INFOPLIST_OUTPUT_FORMAT = binary;
				INFOPLIST_PREPROCESS = YES;
				LD_RUNPATH_SEARCH_PATHS = (
					"$(inherited)",
					"@executable_path/Frameworks",
				);
				MARKETING_VERSION = 1.0;
				PRODUCT_BUNDLE_IDENTIFIER = com.jiaqiyi.p5viewer;
				PRODUCT_NAME = "$(TARGET_NAME)";
				STRINGS_FILE_INFOPLIST_RENAME = YES;
				SWIFT_EMIT_LOC_STRINGS = YES;
				SWIFT_VERSION = 5.0;
				TARGETED_DEVICE_FAMILY = "1,2";
			};
			name = Debug;
		};
		B21448072B830E81004F684C /* Release */ = {
			isa = XCBuildConfiguration;
			buildSettings = {
				ASSETCATALOG_COMPILER_APPICON_NAME = AppIcon;
				ASSETCATALOG_COMPILER_GLOBAL_ACCENT_COLOR_NAME = AccentColor;
				CODE_SIGN_STYLE = Automatic;
				CURRENT_PROJECT_VERSION = 1;
				DEVELOPMENT_ASSET_PATHS = "P5.js\\ Viewer\\ 0.13/Preview\\ Content";
				DEVELOPMENT_TEAM = 4U7WY8BUM4;
				ENABLE_PREVIEWS = YES;
				GENERATE_INFOPLIST_FILE = YES;
				INFOPLIST_FILE = "P5-js-Viewer-0-13-Info.plist";
				INFOPLIST_KEY_NSPhotoLibraryAddUsageDescription = "We need the Save-Only permisson to your photo library. We never access any of your photo including the saved ones.";
				INFOPLIST_KEY_UIApplicationSceneManifest_Generation = YES;
				INFOPLIST_KEY_UIApplicationSupportsIndirectInputEvents = YES;
				INFOPLIST_KEY_UILaunchScreen_Generation = YES;
				INFOPLIST_KEY_UISupportedInterfaceOrientations_iPad = "UIInterfaceOrientationPortrait UIInterfaceOrientationPortraitUpsideDown UIInterfaceOrientationLandscapeLeft UIInterfaceOrientationLandscapeRight";
				INFOPLIST_KEY_UISupportedInterfaceOrientations_iPhone = "UIInterfaceOrientationPortrait UIInterfaceOrientationLandscapeLeft UIInterfaceOrientationLandscapeRight";
				INFOPLIST_OUTPUT_FORMAT = binary;
				INFOPLIST_PREPROCESS = YES;
				LD_RUNPATH_SEARCH_PATHS = (
					"$(inherited)",
					"@executable_path/Frameworks",
				);
				MARKETING_VERSION = 1.0;
				PRODUCT_BUNDLE_IDENTIFIER = com.jiaqiyi.p5viewer;
				PRODUCT_NAME = "$(TARGET_NAME)";
				STRINGS_FILE_INFOPLIST_RENAME = YES;
				SWIFT_EMIT_LOC_STRINGS = YES;
				SWIFT_VERSION = 5.0;
				TARGETED_DEVICE_FAMILY = "1,2";
			};
			name = Release;
		};
/* End XCBuildConfiguration section */

/* Begin XCConfigurationList section */
		B21447F22B830E80004F684C /* Build configuration list for PBXProject "P5.js Viewer 0.13" */ = {
			isa = XCConfigurationList;
			buildConfigurations = (
				B21448032B830E81004F684C /* Debug */,
				B21448042B830E81004F684C /* Release */,
			);
			defaultConfigurationIsVisible = 0;
			defaultConfigurationName = Release;
		};
		B21448052B830E81004F684C /* Build configuration list for PBXNativeTarget "P5.js Viewer 0.13" */ = {
			isa = XCConfigurationList;
			buildConfigurations = (
				B21448062B830E81004F684C /* Debug */,
				B21448072B830E81004F684C /* Release */,
			);
			defaultConfigurationIsVisible = 0;
			defaultConfigurationName = Release;
		};
/* End XCConfigurationList section */

/* Begin XCRemoteSwiftPackageReference section */
		B21448082B830EDB004F684C /* XCRemoteSwiftPackageReference "Telegraph" */ = {
			isa = XCRemoteSwiftPackageReference;
			repositoryURL = "https://github.com/Building42/Telegraph";
			requirement = {
				branch = main;
				kind = branch;
			};
		};
		B214480B2B830EEB004F684C /* XCRemoteSwiftPackageReference "ZIPFoundation" */ = {
			isa = XCRemoteSwiftPackageReference;
			repositoryURL = "https://github.com/weichsel/ZIPFoundation.git";
			requirement = {
				kind = upToNextMajorVersion;
				minimumVersion = 0.9.18;
			};
		};
		B273470A2BBCADB20090C623 /* XCRemoteSwiftPackageReference "firebase-ios-sdk" */ = {
			isa = XCRemoteSwiftPackageReference;
			repositoryURL = "https://github.com/firebase/firebase-ios-sdk";
			requirement = {
				kind = upToNextMajorVersion;
				minimumVersion = 10.23.1;
			};
		};
/* End XCRemoteSwiftPackageReference section */

/* Begin XCSwiftPackageProductDependency section */
		B21448092B830EDB004F684C /* Telegraph */ = {
			isa = XCSwiftPackageProductDependency;
			package = B21448082B830EDB004F684C /* XCRemoteSwiftPackageReference "Telegraph" */;
			productName = Telegraph;
		};
		B214480C2B830EEB004F684C /* ZIPFoundation */ = {
			isa = XCSwiftPackageProductDependency;
			package = B214480B2B830EEB004F684C /* XCRemoteSwiftPackageReference "ZIPFoundation" */;
			productName = ZIPFoundation;
		};
		B273470B2BBCADB20090C623 /* FirebaseAnalytics */ = {
			isa = XCSwiftPackageProductDependency;
			package = B273470A2BBCADB20090C623 /* XCRemoteSwiftPackageReference "firebase-ios-sdk" */;
			productName = FirebaseAnalytics;
		};
		B273470D2BBCADB20090C623 /* FirebaseAnalyticsOnDeviceConversion */ = {
			isa = XCSwiftPackageProductDependency;
			package = B273470A2BBCADB20090C623 /* XCRemoteSwiftPackageReference "firebase-ios-sdk" */;
			productName = FirebaseAnalyticsOnDeviceConversion;
		};
		B273470F2BBCADB20090C623 /* FirebaseAnalyticsSwift */ = {
			isa = XCSwiftPackageProductDependency;
			package = B273470A2BBCADB20090C623 /* XCRemoteSwiftPackageReference "firebase-ios-sdk" */;
			productName = FirebaseAnalyticsSwift;
		};
		B27347112BBCADB20090C623 /* FirebaseAnalyticsWithoutAdIdSupport */ = {
			isa = XCSwiftPackageProductDependency;
			package = B273470A2BBCADB20090C623 /* XCRemoteSwiftPackageReference "firebase-ios-sdk" */;
			productName = FirebaseAnalyticsWithoutAdIdSupport;
		};
		B27347132BBCADB20090C623 /* FirebaseAppCheck */ = {
			isa = XCSwiftPackageProductDependency;
			package = B273470A2BBCADB20090C623 /* XCRemoteSwiftPackageReference "firebase-ios-sdk" */;
			productName = FirebaseAppCheck;
		};
		B27347152BBD041B0090C623 /* FirebaseAnalytics */ = {
			isa = XCSwiftPackageProductDependency;
			package = B273470A2BBCADB20090C623 /* XCRemoteSwiftPackageReference "firebase-ios-sdk" */;
			productName = FirebaseAnalytics;
		};
		B27347172BBD041B0090C623 /* FirebaseAnalyticsOnDeviceConversion */ = {
			isa = XCSwiftPackageProductDependency;
			package = B273470A2BBCADB20090C623 /* XCRemoteSwiftPackageReference "firebase-ios-sdk" */;
			productName = FirebaseAnalyticsOnDeviceConversion;
		};
		B27347192BBD041B0090C623 /* FirebaseAnalyticsSwift */ = {
			isa = XCSwiftPackageProductDependency;
			package = B273470A2BBCADB20090C623 /* XCRemoteSwiftPackageReference "firebase-ios-sdk" */;
			productName = FirebaseAnalyticsSwift;
		};
		B273471B2BBD041B0090C623 /* FirebaseAnalyticsWithoutAdIdSupport */ = {
			isa = XCSwiftPackageProductDependency;
			package = B273470A2BBCADB20090C623 /* XCRemoteSwiftPackageReference "firebase-ios-sdk" */;
			productName = FirebaseAnalyticsWithoutAdIdSupport;
		};
		B273471D2BBD041B0090C623 /* FirebaseAppCheck */ = {
			isa = XCSwiftPackageProductDependency;
			package = B273470A2BBCADB20090C623 /* XCRemoteSwiftPackageReference "firebase-ios-sdk" */;
			productName = FirebaseAppCheck;
		};
		B273471F2BBD041B0090C623 /* FirebaseAppDistribution-Beta */ = {
			isa = XCSwiftPackageProductDependency;
			package = B273470A2BBCADB20090C623 /* XCRemoteSwiftPackageReference "firebase-ios-sdk" */;
			productName = "FirebaseAppDistribution-Beta";
		};
		B27347212BBD041B0090C623 /* FirebaseAuth */ = {
			isa = XCSwiftPackageProductDependency;
			package = B273470A2BBCADB20090C623 /* XCRemoteSwiftPackageReference "firebase-ios-sdk" */;
			productName = FirebaseAuth;
		};
		B27347232BBD041B0090C623 /* FirebaseAuthCombine-Community */ = {
			isa = XCSwiftPackageProductDependency;
			package = B273470A2BBCADB20090C623 /* XCRemoteSwiftPackageReference "firebase-ios-sdk" */;
			productName = "FirebaseAuthCombine-Community";
		};
		B27347252BBD041B0090C623 /* FirebaseCrashlytics */ = {
			isa = XCSwiftPackageProductDependency;
			package = B273470A2BBCADB20090C623 /* XCRemoteSwiftPackageReference "firebase-ios-sdk" */;
			productName = FirebaseCrashlytics;
		};
		B27347272BBD041B0090C623 /* FirebaseDatabase */ = {
			isa = XCSwiftPackageProductDependency;
			package = B273470A2BBCADB20090C623 /* XCRemoteSwiftPackageReference "firebase-ios-sdk" */;
			productName = FirebaseDatabase;
		};
		B27347292BBD041B0090C623 /* FirebaseDatabaseSwift */ = {
			isa = XCSwiftPackageProductDependency;
			package = B273470A2BBCADB20090C623 /* XCRemoteSwiftPackageReference "firebase-ios-sdk" */;
			productName = FirebaseDatabaseSwift;
		};
		B273472B2BBD041B0090C623 /* FirebaseDynamicLinks */ = {
			isa = XCSwiftPackageProductDependency;
			package = B273470A2BBCADB20090C623 /* XCRemoteSwiftPackageReference "firebase-ios-sdk" */;
			productName = FirebaseDynamicLinks;
		};
		B273472D2BBD041B0090C623 /* FirebaseFirestore */ = {
			isa = XCSwiftPackageProductDependency;
			package = B273470A2BBCADB20090C623 /* XCRemoteSwiftPackageReference "firebase-ios-sdk" */;
			productName = FirebaseFirestore;
		};
		B273472F2BBD041B0090C623 /* FirebaseFirestoreCombine-Community */ = {
			isa = XCSwiftPackageProductDependency;
			package = B273470A2BBCADB20090C623 /* XCRemoteSwiftPackageReference "firebase-ios-sdk" */;
			productName = "FirebaseFirestoreCombine-Community";
		};
		B27347312BBD041B0090C623 /* FirebaseFirestoreSwift */ = {
			isa = XCSwiftPackageProductDependency;
			package = B273470A2BBCADB20090C623 /* XCRemoteSwiftPackageReference "firebase-ios-sdk" */;
			productName = FirebaseFirestoreSwift;
		};
		B27347332BBD041B0090C623 /* FirebaseFunctions */ = {
			isa = XCSwiftPackageProductDependency;
			package = B273470A2BBCADB20090C623 /* XCRemoteSwiftPackageReference "firebase-ios-sdk" */;
			productName = FirebaseFunctions;
		};
		B27347352BBD041B0090C623 /* FirebaseFunctionsCombine-Community */ = {
			isa = XCSwiftPackageProductDependency;
			package = B273470A2BBCADB20090C623 /* XCRemoteSwiftPackageReference "firebase-ios-sdk" */;
			productName = "FirebaseFunctionsCombine-Community";
		};
		B27347372BBD041B0090C623 /* FirebaseInAppMessaging-Beta */ = {
			isa = XCSwiftPackageProductDependency;
			package = B273470A2BBCADB20090C623 /* XCRemoteSwiftPackageReference "firebase-ios-sdk" */;
			productName = "FirebaseInAppMessaging-Beta";
		};
		B27347392BBD041B0090C623 /* FirebaseInAppMessagingSwift-Beta */ = {
			isa = XCSwiftPackageProductDependency;
			package = B273470A2BBCADB20090C623 /* XCRemoteSwiftPackageReference "firebase-ios-sdk" */;
			productName = "FirebaseInAppMessagingSwift-Beta";
		};
		B273473B2BBD041B0090C623 /* FirebaseInstallations */ = {
			isa = XCSwiftPackageProductDependency;
			package = B273470A2BBCADB20090C623 /* XCRemoteSwiftPackageReference "firebase-ios-sdk" */;
			productName = FirebaseInstallations;
		};
		B273473D2BBD041B0090C623 /* FirebaseMLModelDownloader */ = {
			isa = XCSwiftPackageProductDependency;
			package = B273470A2BBCADB20090C623 /* XCRemoteSwiftPackageReference "firebase-ios-sdk" */;
			productName = FirebaseMLModelDownloader;
		};
		B273473F2BBD041B0090C623 /* FirebaseMessaging */ = {
			isa = XCSwiftPackageProductDependency;
			package = B273470A2BBCADB20090C623 /* XCRemoteSwiftPackageReference "firebase-ios-sdk" */;
			productName = FirebaseMessaging;
		};
		B27347412BBD041B0090C623 /* FirebasePerformance */ = {
			isa = XCSwiftPackageProductDependency;
			package = B273470A2BBCADB20090C623 /* XCRemoteSwiftPackageReference "firebase-ios-sdk" */;
			productName = FirebasePerformance;
		};
		B27347432BBD041B0090C623 /* FirebaseRemoteConfig */ = {
			isa = XCSwiftPackageProductDependency;
			package = B273470A2BBCADB20090C623 /* XCRemoteSwiftPackageReference "firebase-ios-sdk" */;
			productName = FirebaseRemoteConfig;
		};
		B27347452BBD041B0090C623 /* FirebaseRemoteConfigSwift */ = {
			isa = XCSwiftPackageProductDependency;
			package = B273470A2BBCADB20090C623 /* XCRemoteSwiftPackageReference "firebase-ios-sdk" */;
			productName = FirebaseRemoteConfigSwift;
		};
		B27347472BBD041B0090C623 /* FirebaseStorage */ = {
			isa = XCSwiftPackageProductDependency;
			package = B273470A2BBCADB20090C623 /* XCRemoteSwiftPackageReference "firebase-ios-sdk" */;
			productName = FirebaseStorage;
		};
		B27347492BBD041B0090C623 /* FirebaseStorageCombine-Community */ = {
			isa = XCSwiftPackageProductDependency;
			package = B273470A2BBCADB20090C623 /* XCRemoteSwiftPackageReference "firebase-ios-sdk" */;
			productName = "FirebaseStorageCombine-Community";
		};
/* End XCSwiftPackageProductDependency section */
	};
	rootObject = B21447EF2B830E80004F684C /* Project object */;
}
